
Microsoft Visual Studio Solution File, Format Version 12.00
# Visual Studio Version 17
VisualStudioVersion = 17.13.35919.96 d17.13
MinimumVisualStudioVersion = 10.0.40219.1
Project("{FAE04EC0-301F-11D3-BF4B-00C04F79EFBC}") = "CS.ERP_MOB_ECO", "CS.ERP_MOB_ECO.csproj", "{29CF7FE7-73A9-4EDA-ADCD-A0BFF9327038}"
EndProject
Global
	GlobalSection(SolutionConfigurationPlatforms) = preSolution
		Debug|Any CPU = Debug|Any CPU
		Release|Any CPU = Release|Any CPU
	EndGlobalSection
	GlobalSection(ProjectConfigurationPlatforms) = postSolution
		{29CF7FE7-73A9-4EDA-ADCD-A0BFF9327038}.Debug|Any CPU.ActiveCfg = Debug|Any CPU
		{29CF7FE7-73A9-4EDA-ADCD-A0BFF9327038}.Debug|Any CPU.Build.0 = Debug|Any CPU
		{29CF7FE7-73A9-4EDA-ADCD-A0BFF9327038}.Debug|Any CPU.Deploy.0 = Debug|Any CPU
		{29CF7FE7-73A9-4EDA-ADCD-A0BFF9327038}.Release|Any CPU.ActiveCfg = Release|Any CPU
		{29CF7FE7-73A9-4EDA-ADCD-A0BFF9327038}.Release|Any CPU.Build.0 = Release|Any CPU
		{29CF7FE7-73A9-4EDA-ADCD-A0BFF9327038}.Release|Any CPU.Deploy.0 = Release|Any CPU
	EndGlobalSection
	GlobalSection(SolutionProperties) = preSolution
		HideSolutionNode = FALSE
	EndGlobalSection
	GlobalSection(ExtensibilityGlobals) = postSolution
		SolutionGuid = {AD269DB0-4124-4EF5-B695-3A7689EEE3D6}
	EndGlobalSection
EndGlobal
